
Microsoft Visual Studio Solution File, Format Version 12.00
# Visual Studio Version 17
VisualStudioVersion = 17.3.32804.467
MinimumVisualStudioVersion = 10.0.40219.1
Project("{FAE04EC0-301F-11D3-BF4B-00C04F79EFBC}") = "LinearSearch", "LinearSearch\LinearSearch.csproj", "{DCFE17F0-DF5B-4861-8BA0-6B2E9F81F992}"
EndProject
Project("{FAE04EC0-301F-11D3-BF4B-00C04F79EFBC}") = "SearchingAlogorithmTests", "SearchingAlogorithmTests\SearchingAlogorithmTests.csproj", "{65693438-6A9C-4890-A513-0BFB80D87F69}"
EndProject
Global
	GlobalSection(SolutionConfigurationPlatforms) = preSolution
		Debug|Any CPU = Debug|Any CPU
		Release|Any CPU = Release|Any CPU
	EndGlobalSection
	GlobalSection(ProjectConfigurationPlatforms) = postSolution
		{DCFE17F0-DF5B-4861-8BA0-6B2E9F81F992}.Debug|Any CPU.ActiveCfg = Debug|Any CPU
		{DCFE17F0-DF5B-4861-8BA0-6B2E9F81F992}.Debug|Any CPU.Build.0 = Debug|Any CPU
		{DCFE17F0-DF5B-4861-8BA0-6B2E9F81F992}.Release|Any CPU.ActiveCfg = Release|Any CPU
		{DCFE17F0-DF5B-4861-8BA0-6B2E9F81F992}.Release|Any CPU.Build.0 = Release|Any CPU
		{65693438-6A9C-4890-A513-0BFB80D87F69}.Debug|Any CPU.ActiveCfg = Debug|Any CPU
		{65693438-6A9C-4890-A513-0BFB80D87F69}.Debug|Any CPU.Build.0 = Debug|Any CPU
		{65693438-6A9C-4890-A513-0BFB80D87F69}.Release|Any CPU.ActiveCfg = Release|Any CPU
		{65693438-6A9C-4890-A513-0BFB80D87F69}.Release|Any CPU.Build.0 = Release|Any CPU
	EndGlobalSection
	GlobalSection(SolutionProperties) = preSolution
		HideSolutionNode = FALSE
	EndGlobalSection
	GlobalSection(ExtensibilityGlobals) = postSolution
		SolutionGuid = {C3982286-2CF6-4425-BEAB-2D725A77910B}
	EndGlobalSection
EndGlobal
